// !$*UTF8*$!
{
	archiveVersion = 1;
	classes = {
	};
	objectVersion = 46;
	objects = {

/* Begin PBXBuildFile section */
		AE5BA1641E48480C00A44718 /* main.m in Sources */ = {isa = PBXBuildFile; fileRef = AE5BA1631E48480C00A44718 /* main.m */; };
		AE5BA1671E48480C00A44718 /* AppDelegate.m in Sources */ = {isa = PBXBuildFile; fileRef = AE5BA1661E48480C00A44718 /* AppDelegate.m */; };
		AE5BA16A1E48480C00A44718 /* ViewController.m in Sources */ = {isa = PBXBuildFile; fileRef = AE5BA1691E48480C00A44718 /* ViewController.m */; };
		AE5BA16D1E48480C00A44718 /* Main.storyboard in Resources */ = {isa = PBXBuildFile; fileRef = AE5BA16B1E48480C00A44718 /* Main.storyboard */; };
		AE5BA16F1E48480C00A44718 /* Assets.xcassets in Resources */ = {isa = PBXBuildFile; fileRef = AE5BA16E1E48480C00A44718 /* Assets.xcassets */; };
		AE5BA1721E48480C00A44718 /* LaunchScreen.storyboard in Resources */ = {isa = PBXBuildFile; fileRef = AE5BA1701E48480C00A44718 /* LaunchScreen.storyboard */; };
		AE5BA1821E4848C900A44718 /* NSString+ZXMD5.m in Sources */ = {isa = PBXBuildFile; fileRef = AE5BA17B1E4848C900A44718 /* NSString+ZXMD5.m */; };
		AE5BA1831E4848C900A44718 /* ZXDownloader.m in Sources */ = {isa = PBXBuildFile; fileRef = AE5BA17D1E4848C900A44718 /* ZXDownloader.m */; };
		AE5BA1841E4848C900A44718 /* ZXDownloaderManager.m in Sources */ = {isa = PBXBuildFile; fileRef = AE5BA17F1E4848C900A44718 /* ZXDownloaderManager.m */; };
		AE5BA1851E4848C900A44718 /* ZXFileTool.m in Sources */ = {isa = PBXBuildFile; fileRef = AE5BA1811E4848C900A44718 /* ZXFileTool.m */; };
/* End PBXBuildFile section */

/* Begin PBXFileReference section */
		AE5BA15F1E48480C00A44718 /* ZXDownloader.app */ = {isa = PBXFileReference; explicitFileType = wrapper.application; includeInIndex = 0; path = ZXDownloader.app; sourceTree = BUILT_PRODUCTS_DIR; };
		AE5BA1631E48480C00A44718 /* main.m */ = {isa = PBXFileReference; lastKnownFileType = sourcecode.c.objc; path = main.m; sourceTree = "<group>"; };
		AE5BA1651E48480C00A44718 /* AppDelegate.h */ = {isa = PBXFileReference; lastKnownFileType = sourcecode.c.h; path = AppDelegate.h; sourceTree = "<group>"; };
		AE5BA1661E48480C00A44718 /* AppDelegate.m */ = {isa = PBXFileReference; lastKnownFileType = sourcecode.c.objc; path = AppDelegate.m; sourceTree = "<group>"; };
		AE5BA1681E48480C00A44718 /* ViewController.h */ = {isa = PBXFileReference; lastKnownFileType = sourcecode.c.h; path = ViewController.h; sourceTree = "<group>"; };
		AE5BA1691E48480C00A44718 /* ViewController.m */ = {isa = PBXFileReference; lastKnownFileType = sourcecode.c.objc; path = ViewController.m; sourceTree = "<group>"; };
		AE5BA16C1E48480C00A44718 /* Base */ = {isa = PBXFileReference; lastKnownFileType = file.storyboard; name = Base; path = Base.lproj/Main.storyboard; sourceTree = "<group>"; };
		AE5BA16E1E48480C00A44718 /* Assets.xcassets */ = {isa = PBXFileReference; lastKnownFileType = folder.assetcatalog; path = Assets.xcassets; sourceTree = "<group>"; };
		AE5BA1711E48480C00A44718 /* Base */ = {isa = PBXFileReference; lastKnownFileType = file.storyboard; name = Base; path = Base.lproj/LaunchScreen.storyboard; sourceTree = "<group>"; };
		AE5BA1731E48480C00A44718 /* Info.plist */ = {isa = PBXFileReference; lastKnownFileType = text.plist.xml; path = Info.plist; sourceTree = "<group>"; };
		AE5BA17A1E4848C900A44718 /* NSString+ZXMD5.h */ = {isa = PBXFileReference; fileEncoding = 4; lastKnownFileType = sourcecode.c.h; path = "NSString+ZXMD5.h"; sourceTree = "<group>"; };
		AE5BA17B1E4848C900A44718 /* NSString+ZXMD5.m */ = {isa = PBXFileReference; fileEncoding = 4; lastKnownFileType = sourcecode.c.objc; path = "NSString+ZXMD5.m"; sourceTree = "<group>"; };
		AE5BA17C1E4848C900A44718 /* ZXDownloader.h */ = {isa = PBXFileReference; fileEncoding = 4; lastKnownFileType = sourcecode.c.h; path = ZXDownloader.h; sourceTree = "<group>"; };
		AE5BA17D1E4848C900A44718 /* ZXDownloader.m */ = {isa = PBXFileReference; fileEncoding = 4; lastKnownFileType = sourcecode.c.objc; path = ZXDownloader.m; sourceTree = "<group>"; };
		AE5BA17E1E4848C900A44718 /* ZXDownloaderManager.h */ = {isa = PBXFileReference; fileEncoding = 4; lastKnownFileType = sourcecode.c.h; path = ZXDownloaderManager.h; sourceTree = "<group>"; };
		AE5BA17F1E4848C900A44718 /* ZXDownloaderManager.m */ = {isa = PBXFileReference; fileEncoding = 4; lastKnownFileType = sourcecode.c.objc; path = ZXDownloaderManager.m; sourceTree = "<group>"; };
		AE5BA1801E4848C900A44718 /* ZXFileTool.h */ = {isa = PBXFileReference; fileEncoding = 4; lastKnownFileType = sourcecode.c.h; path = ZXFileTool.h; sourceTree = "<group>"; };
		AE5BA1811E4848C900A44718 /* ZXFileTool.m */ = {isa = PBXFileReference; fileEncoding = 4; lastKnownFileType = sourcecode.c.objc; path = ZXFileTool.m; sourceTree = "<group>"; };
/* End PBXFileReference section */

/* Begin PBXFrameworksBuildPhase section */
		AE5BA15C1E48480C00A44718 /* Frameworks */ = {
			isa = PBXFrameworksBuildPhase;
			buildActionMask = 2147483647;
			files = (
			);
			runOnlyForDeploymentPostprocessing = 0;
		};
/* End PBXFrameworksBuildPhase section */

/* Begin PBXGroup section */
		AE5BA1561E48480C00A44718 = {
			isa = PBXGroup;
			children = (
				AE5BA1611E48480C00A44718 /* ZXDownloader */,
				AE5BA1601E48480C00A44718 /* Products */,
			);
			sourceTree = "<group>";
		};
		AE5BA1601E48480C00A44718 /* Products */ = {
			isa = PBXGroup;
			children = (
				AE5BA15F1E48480C00A44718 /* ZXDownloader.app */,
			);
			name = Products;
			sourceTree = "<group>";
		};
		AE5BA1611E48480C00A44718 /* ZXDownloader */ = {
			isa = PBXGroup;
			children = (
				AE5BA1791E4848C900A44718 /* Downloader */,
				AE5BA1651E48480C00A44718 /* AppDelegate.h */,
				AE5BA1661E48480C00A44718 /* AppDelegate.m */,
				AE5BA1681E48480C00A44718 /* ViewController.h */,
				AE5BA1691E48480C00A44718 /* ViewController.m */,
				AE5BA16B1E48480C00A44718 /* Main.storyboard */,
				AE5BA16E1E48480C00A44718 /* Assets.xcassets */,
				AE5BA1701E48480C00A44718 /* LaunchScreen.storyboard */,
				AE5BA1731E48480C00A44718 /* Info.plist */,
				AE5BA1621E48480C00A44718 /* Supporting Files */,
			);
			path = ZXDownloader;
			sourceTree = "<group>";
		};
		AE5BA1621E48480C00A44718 /* Supporting Files */ = {
			isa = PBXGroup;
			children = (
				AE5BA1631E48480C00A44718 /* main.m */,
			);
			name = "Supporting Files";
			sourceTree = "<group>";
		};
		AE5BA1791E4848C900A44718 /* Downloader */ = {
			isa = PBXGroup;
			children = (
				AE5BA17A1E4848C900A44718 /* NSString+ZXMD5.h */,
				AE5BA17B1E4848C900A44718 /* NSString+ZXMD5.m */,
				AE5BA17C1E4848C900A44718 /* ZXDownloader.h */,
				AE5BA17D1E4848C900A44718 /* ZXDownloader.m */,
				AE5BA17E1E4848C900A44718 /* ZXDownloaderManager.h */,
				AE5BA17F1E4848C900A44718 /* ZXDownloaderManager.m */,
				AE5BA1801E4848C900A44718 /* ZXFileTool.h */,
				AE5BA1811E4848C900A44718 /* ZXFileTool.m */,
			);
			path = Downloader;
			sourceTree = "<group>";
		};
/* End PBXGroup section */

/* Begin PBXNativeTarget section */
		AE5BA15E1E48480C00A44718 /* ZXDownloader */ = {
			isa = PBXNativeTarget;
			buildConfigurationList = AE5BA1761E48480C00A44718 /* Build configuration list for PBXNativeTarget "ZXDownloader" */;
			buildPhases = (
				AE5BA15B1E48480C00A44718 /* Sources */,
				AE5BA15C1E48480C00A44718 /* Frameworks */,
				AE5BA15D1E48480C00A44718 /* Resources */,
			);
			buildRules = (
			);
			dependencies = (
			);
			name = ZXDownloader;
			productName = ZXDownloader;
			productReference = AE5BA15F1E48480C00A44718 /* ZXDownloader.app */;
			productType = "com.apple.product-type.application";
		};
/* End PBXNativeTarget section */

/* Begin PBXProject section */
		AE5BA1571E48480C00A44718 /* Project object */ = {
			isa = PBXProject;
			attributes = {
				LastUpgradeCheck = 0810;
				ORGANIZATIONNAME = sajiner;
				TargetAttributes = {
					AE5BA15E1E48480C00A44718 = {
						CreatedOnToolsVersion = 8.1;
						ProvisioningStyle = Manual;
					};
				};
			};
			buildConfigurationList = AE5BA15A1E48480C00A44718 /* Build configuration list for PBXProject "ZXDownloader" */;
			compatibilityVersion = "Xcode 3.2";
			developmentRegion = English;
			hasScannedForEncodings = 0;
			knownRegions = (
				en,
				Base,
			);
			mainGroup = AE5BA1561E48480C00A44718;
			productRefGroup = AE5BA1601E48480C00A44718 /* Products */;
			projectDirPath = "";
			projectRoot = "";
			targets = (
				AE5BA15E1E48480C00A44718 /* ZXDownloader */,
			);
		};
/* End PBXProject section */

/* Begin PBXResourcesBuildPhase section */
		AE5BA15D1E48480C00A44718 /* Resources */ = {
			isa = PBXResourcesBuildPhase;
			buildActionMask = 2147483647;
			files = (
				AE5BA1721E48480C00A44718 /* LaunchScreen.storyboard in Resources */,
				AE5BA16F1E48480C00A44718 /* Assets.xcassets in Resources */,
				AE5BA16D1E48480C00A44718 /* Main.storyboard in Resources */,
			);
			runOnlyForDeploymentPostprocessing = 0;
		};
/* End PBXResourcesBuildPhase section */

/* Begin PBXSourcesBuildPhase section */
		AE5BA15B1E48480C00A44718 /* Sources */ = {
			isa = PBXSourcesBuildPhase;
			buildActionMask = 2147483647;
			files = (
				AE5BA1851E4848C900A44718 /* ZXFileTool.m in Sources */,
				AE5BA1841E4848C900A44718 /* ZXDownloaderManager.m in Sources */,
				AE5BA16A1E48480C00A44718 /* ViewController.m in Sources */,
				AE5BA1671E48480C00A44718 /* AppDelegate.m in Sources */,
				AE5BA1831E4848C900A44718 /* ZXDownloader.m in Sources */,
				AE5BA1821E4848C900A44718 /* NSString+ZXMD5.m in Sources */,
				AE5BA1641E48480C00A44718 /* main.m in Sources */,
			);
			runOnlyForDeploymentPostprocessing = 0;
		};
/* End PBXSourcesBuildPhase section */

/* Begin PBXVariantGroup section */
		AE5BA16B1E48480C00A44718 /* Main.storyboard */ = {
			isa = PBXVariantGroup;
			children = (
				AE5BA16C1E48480C00A44718 /* Base */,
			);
			name = Main.storyboard;
			sourceTree = "<group>";
		};
		AE5BA1701E48480C00A44718 /* LaunchScreen.storyboard */ = {
			isa = PBXVariantGroup;
			children = (
				AE5BA1711E48480C00A44718 /* Base */,
			);
			name = LaunchScreen.storyboard;
			sourceTree = "<group>";
		};
/* End PBXVariantGroup section */

/* Begin XCBuildConfiguration section */
		AE5BA1741E48480C00A44718 /* Debug */ = {
			isa = XCBuildConfiguration;
			buildSettings = {
				ALWAYS_SEARCH_USER_PATHS = NO;
				CLANG_ANALYZER_NONNULL = YES;
				CLANG_CXX_LANGUAGE_STANDARD = "gnu++0x";
				CLANG_CXX_LIBRARY = "libc++";
				CLANG_ENABLE_MODULES = YES;
				CLANG_ENABLE_OBJC_ARC = YES;
				CLANG_WARN_BOOL_CONVERSION = YES;
				CLANG_WARN_CONSTANT_CONVERSION = YES;
				CLANG_WARN_DIRECT_OBJC_ISA_USAGE = YES_ERROR;
				CLANG_WARN_DOCUMENTATION_COMMENTS = YES;
				CLANG_WARN_EMPTY_BODY = YES;
				CLANG_WARN_ENUM_CONVERSION = YES;
				CLANG_WARN_INFINITE_RECURSION = YES;
				CLANG_WARN_INT_CONVERSION = YES;
				CLANG_WARN_OBJC_ROOT_CLASS = YES_ERROR;
				CLANG_WARN_SUSPICIOUS_MOVES = YES;
				CLANG_WARN_UNREACHABLE_CODE = YES;
				CLANG_WARN__DUPLICATE_METHOD_MATCH = YES;
				"CODE_SIGN_IDENTITY[sdk=iphoneos*]" = "iPhone Developer";
				COPY_PHASE_STRIP = NO;
				DEBUG_INFORMATION_FORMAT = dwarf;
				ENABLE_STRICT_OBJC_MSGSEND = YES;
				ENABLE_TESTABILITY = YES;
				GCC_C_LANGUAGE_STANDARD = gnu99;
				GCC_DYNAMIC_NO_PIC = NO;
				GCC_NO_COMMON_BLOCKS = YES;
				GCC_OPTIMIZATION_LEVEL = 0;
				GCC_PREPROCESSOR_DEFINITIONS = (
					"DEBUG=1",
					"$(inherited)",
				);
				GCC_WARN_64_TO_32_BIT_CONVERSION = YES;
				GCC_WARN_ABOUT_RETURN_TYPE = YES_ERROR;
				GCC_WARN_UNDECLARED_SELECTOR = YES;
				GCC_WARN_UNINITIALIZED_AUTOS = YES_AGGRESSIVE;
				GCC_WARN_UNUSED_FUNCTION = YES;
				GCC_WARN_UNUSED_VARIABLE = YES;
				IPHONEOS_DEPLOYMENT_TARGET = 10.1;
				MTL_ENABLE_DEBUG_INFO = YES;
				ONLY_ACTIVE_ARCH = YES;
				SDKROOT = iphoneos;
			};
			name = Debug;
		};
		AE5BA1751E48480C00A44718 /* Release */ = {
			isa = XCBuildConfiguration;
			buildSettings = {
				ALWAYS_SEARCH_USER_PATHS = NO;
				CLANG_ANALYZER_NONNULL = YES;
				CLANG_CXX_LANGUAGE_STANDARD = "gnu++0x";
				CLANG_CXX_LIBRARY = "libc++";
				CLANG_ENABLE_MODULES = YES;
				CLANG_ENABLE_OBJC_ARC = YES;
				CLANG_WARN_BOOL_CONVERSION = YES;
				CLANG_WARN_CONSTANT_CONVERSION = YES;
				CLANG_WARN_DIRECT_OBJC_ISA_USAGE = YES_ERROR;
				CLANG_WARN_DOCUMENTATION_COMMENTS = YES;
				CLANG_WARN_EMPTY_BODY = YES;
				CLANG_WARN_ENUM_CONVERSION = YES;
				CLANG_WARN_INFINITE_RECURSION = YES;
				CLANG_WARN_INT_CONVERSION = YES;
				CLANG_WARN_OBJC_ROOT_CLASS = YES_ERROR;
				CLANG_WARN_SUSPICIOUS_MOVES = YES;
				CLANG_WARN_UNREACHABLE_CODE = YES;
				CLANG_WARN__DUPLICATE_METHOD_MATCH = YES;
				"CODE_SIGN_IDENTITY[sdk=iphoneos*]" = "iPhone Developer";
				COPY_PHASE_STRIP = NO;
				DEBUG_INFORMATION_FORMAT = "dwarf-with-dsym";
				ENABLE_NS_ASSERTIONS = NO;
				ENABLE_STRICT_OBJC_MSGSEND = YES;
				GCC_C_LANGUAGE_STANDARD = gnu99;
				GCC_NO_COMMON_BLOCKS = YES;
				GCC_WARN_64_TO_32_BIT_CONVERSION = YES;
				GCC_WARN_ABOUT_RETURN_TYPE = YES_ERROR;
				GCC_WARN_UNDECLARED_SELECTOR = YES;
				GCC_WARN_UNINITIALIZED_AUTOS = YES_AGGRESSIVE;
				GCC_WARN_UNUSED_FUNCTION = YES;
				GCC_WARN_UNUSED_VARIABLE = YES;
				IPHONEOS_DEPLOYMENT_TARGET = 10.1;
				MTL_ENABLE_DEBUG_INFO = NO;
				SDKROOT = iphoneos;
				VALIDATE_PRODUCT = YES;
			};
			name = Release;
		};
		AE5BA1771E48480C00A44718 /* Debug */ = {
			isa = XCBuildConfiguration;
			buildSettings = {
				ASSETCATALOG_COMPILER_APPICON_NAME = AppIcon;
				DEVELOPMENT_TEAM = "";
				INFOPLIST_FILE = ZXDownloader/Info.plist;
				LD_RUNPATH_SEARCH_PATHS = "$(inherited) @executable_path/Frameworks";
				PRODUCT_BUNDLE_IDENTIFIER = com.sajiner.ZXDownloader;
				PRODUCT_NAME = "$(TARGET_NAME)";
			};
			name = Debug;
		};
		AE5BA1781E48480C00A44718 /* Release */ = {
			isa = XCBuildConfiguration;
			buildSettings = {
				ASSETCATALOG_COMPILER_APPICON_NAME = AppIcon;
				DEVELOPMENT_TEAM = "";
				INFOPLIST_FILE = ZXDownloader/Info.plist;
				LD_RUNPATH_SEARCH_PATHS = "$(inherited) @executable_path/Frameworks";
				PRODUCT_BUNDLE_IDENTIFIER = com.sajiner.ZXDownloader;
				PRODUCT_NAME = "$(TARGET_NAME)";
			};
			name = Release;
		};
/* End XCBuildConfiguration section */

/* Begin XCConfigurationList section */
		AE5BA15A1E48480C00A44718 /* Build configuration list for PBXProject "ZXDownloader" */ = {
			isa = XCConfigurationList;
			buildConfigurations = (
				AE5BA1741E48480C00A44718 /* Debug */,
				AE5BA1751E48480C00A44718 /* Release */,
			);
			defaultConfigurationIsVisible = 0;
			defaultConfigurationName = Release;
		};
		AE5BA1761E48480C00A44718 /* Build configuration list for PBXNativeTarget "ZXDownloader" */ = {
			isa = XCConfigurationList;
			buildConfigurations = (
				AE5BA1771E48480C00A44718 /* Debug */,
				AE5BA1781E48480C00A44718 /* Release */,
			);
			defaultConfigurationIsVisible = 0;
			defaultConfigurationName = Release;
		};
/* End XCConfigurationList section */
	};
	rootObject = AE5BA1571E48480C00A44718 /* Project object */;
}
